// !$*UTF8*$!
{
	archiveVersion = 1;
	classes = {
	};
	objectVersion = 51;
	objects = {

/* Begin PBXBuildFile section */
		5B2015D56C7FF787A909584E /* Pods_Tumbler_TumblerUITests.framework in Frameworks */ = {isa = PBXBuildFile; fileRef = 5EBE067E2E63FDEEE53A79C1 /* Pods_Tumbler_TumblerUITests.framework */; };
		6A14CE95821A5D6FDF8711E6 /* Pods_TumblerTests.framework in Frameworks */ = {isa = PBXBuildFile; fileRef = AB19BC87FF6E57CEEF2D3E88 /* Pods_TumblerTests.framework */; };
		82ADD2872684D89C003EC132 /* AppDelegate.m in Sources */ = {isa = PBXBuildFile; fileRef = 82ADD2862684D89C003EC132 /* AppDelegate.m */; };
		82ADD28A2684D89C003EC132 /* SceneDelegate.m in Sources */ = {isa = PBXBuildFile; fileRef = 82ADD2892684D89C003EC132 /* SceneDelegate.m */; };
		82ADD2902684D89C003EC132 /* Main.storyboard in Resources */ = {isa = PBXBuildFile; fileRef = 82ADD28E2684D89C003EC132 /* Main.storyboard */; };
		82ADD2922684D89D003EC132 /* Assets.xcassets in Resources */ = {isa = PBXBuildFile; fileRef = 82ADD2912684D89D003EC132 /* Assets.xcassets */; };
		82ADD2952684D89D003EC132 /* LaunchScreen.storyboard in Resources */ = {isa = PBXBuildFile; fileRef = 82ADD2932684D89D003EC132 /* LaunchScreen.storyboard */; };
		82ADD2982684D89D003EC132 /* main.m in Sources */ = {isa = PBXBuildFile; fileRef = 82ADD2972684D89D003EC132 /* main.m */; };
		82ADD2A22684D89D003EC132 /* TumblerTests.m in Sources */ = {isa = PBXBuildFile; fileRef = 82ADD2A12684D89D003EC132 /* TumblerTests.m */; };
		82ADD2AD2684D89D003EC132 /* TumblerUITests.m in Sources */ = {isa = PBXBuildFile; fileRef = 82ADD2AC2684D89D003EC132 /* TumblerUITests.m */; };
		82ADD2BC2684D95C003EC132 /* PhotosViewController.m in Sources */ = {isa = PBXBuildFile; fileRef = 82ADD2BB2684D95C003EC132 /* PhotosViewController.m */; };
		82ADD2C42684E549003EC132 /* PhotoCell.m in Sources */ = {isa = PBXBuildFile; fileRef = 82ADD2C32684E549003EC132 /* PhotoCell.m */; };
		F372865F0DCCC5663D5A6550 /* Pods_Tumbler.framework in Frameworks */ = {isa = PBXBuildFile; fileRef = 461F154DA9DAE7D66E996E93 /* Pods_Tumbler.framework */; };
/* End PBXBuildFile section */

/* Begin PBXContainerItemProxy section */
		82ADD29E2684D89D003EC132 /* PBXContainerItemProxy */ = {
			isa = PBXContainerItemProxy;
			containerPortal = 82ADD27A2684D89C003EC132 /* Project object */;
			proxyType = 1;
			remoteGlobalIDString = 82ADD2812684D89C003EC132;
			remoteInfo = Tumbler;
		};
		82ADD2A92684D89D003EC132 /* PBXContainerItemProxy */ = {
			isa = PBXContainerItemProxy;
			containerPortal = 82ADD27A2684D89C003EC132 /* Project object */;
			proxyType = 1;
			remoteGlobalIDString = 82ADD2812684D89C003EC132;
			remoteInfo = Tumbler;
		};
/* End PBXContainerItemProxy section */

/* Begin PBXFileReference section */
		2AD317F49E24ED8CF783A10B /* Pods-TumblerTests.release.xcconfig */ = {isa = PBXFileReference; includeInIndex = 1; lastKnownFileType = text.xcconfig; name = "Pods-TumblerTests.release.xcconfig"; path = "Target Support Files/Pods-TumblerTests/Pods-TumblerTests.release.xcconfig"; sourceTree = "<group>"; };
		461F154DA9DAE7D66E996E93 /* Pods_Tumbler.framework */ = {isa = PBXFileReference; explicitFileType = wrapper.framework; includeInIndex = 0; path = Pods_Tumbler.framework; sourceTree = BUILT_PRODUCTS_DIR; };
		480FDC4D80AED40A12689BA3 /* Pods-Tumbler-TumblerUITests.debug.xcconfig */ = {isa = PBXFileReference; includeInIndex = 1; lastKnownFileType = text.xcconfig; name = "Pods-Tumbler-TumblerUITests.debug.xcconfig"; path = "Target Support Files/Pods-Tumbler-TumblerUITests/Pods-Tumbler-TumblerUITests.debug.xcconfig"; sourceTree = "<group>"; };
		494461CCFF19AE77D06BEFD2 /* Pods-TumblerTests.debug.xcconfig */ = {isa = PBXFileReference; includeInIndex = 1; lastKnownFileType = text.xcconfig; name = "Pods-TumblerTests.debug.xcconfig"; path = "Target Support Files/Pods-TumblerTests/Pods-TumblerTests.debug.xcconfig"; sourceTree = "<group>"; };
		5EBE067E2E63FDEEE53A79C1 /* Pods_Tumbler_TumblerUITests.framework */ = {isa = PBXFileReference; explicitFileType = wrapper.framework; includeInIndex = 0; path = Pods_Tumbler_TumblerUITests.framework; sourceTree = BUILT_PRODUCTS_DIR; };
		62B3745DBB43A013D7844026 /* Pods-Tumbler.release.xcconfig */ = {isa = PBXFileReference; includeInIndex = 1; lastKnownFileType = text.xcconfig; name = "Pods-Tumbler.release.xcconfig"; path = "Target Support Files/Pods-Tumbler/Pods-Tumbler.release.xcconfig"; sourceTree = "<group>"; };
		82ADD2822684D89C003EC132 /* Tumbler.app */ = {isa = PBXFileReference; explicitFileType = wrapper.application; includeInIndex = 0; path = Tumbler.app; sourceTree = BUILT_PRODUCTS_DIR; };
		82ADD2852684D89C003EC132 /* AppDelegate.h */ = {isa = PBXFileReference; lastKnownFileType = sourcecode.c.h; path = AppDelegate.h; sourceTree = "<group>"; };
		82ADD2862684D89C003EC132 /* AppDelegate.m */ = {isa = PBXFileReference; lastKnownFileType = sourcecode.c.objc; path = AppDelegate.m; sourceTree = "<group>"; };
		82ADD2882684D89C003EC132 /* SceneDelegate.h */ = {isa = PBXFileReference; lastKnownFileType = sourcecode.c.h; path = SceneDelegate.h; sourceTree = "<group>"; };
		82ADD2892684D89C003EC132 /* SceneDelegate.m */ = {isa = PBXFileReference; lastKnownFileType = sourcecode.c.objc; path = SceneDelegate.m; sourceTree = "<group>"; };
		82ADD28F2684D89C003EC132 /* Base */ = {isa = PBXFileReference; lastKnownFileType = file.storyboard; name = Base; path = Base.lproj/Main.storyboard; sourceTree = "<group>"; };
		82ADD2912684D89D003EC132 /* Assets.xcassets */ = {isa = PBXFileReference; lastKnownFileType = folder.assetcatalog; path = Assets.xcassets; sourceTree = "<group>"; };
		82ADD2942684D89D003EC132 /* Base */ = {isa = PBXFileReference; lastKnownFileType = file.storyboard; name = Base; path = Base.lproj/LaunchScreen.storyboard; sourceTree = "<group>"; };
		82ADD2962684D89D003EC132 /* Info.plist */ = {isa = PBXFileReference; lastKnownFileType = text.plist.xml; path = Info.plist; sourceTree = "<group>"; };
		82ADD2972684D89D003EC132 /* main.m */ = {isa = PBXFileReference; lastKnownFileType = sourcecode.c.objc; path = main.m; sourceTree = "<group>"; };
		82ADD29D2684D89D003EC132 /* TumblerTests.xctest */ = {isa = PBXFileReference; explicitFileType = wrapper.cfbundle; includeInIndex = 0; path = TumblerTests.xctest; sourceTree = BUILT_PRODUCTS_DIR; };
		82ADD2A12684D89D003EC132 /* TumblerTests.m */ = {isa = PBXFileReference; lastKnownFileType = sourcecode.c.objc; path = TumblerTests.m; sourceTree = "<group>"; };
		82ADD2A32684D89D003EC132 /* Info.plist */ = {isa = PBXFileReference; lastKnownFileType = text.plist.xml; path = Info.plist; sourceTree = "<group>"; };
		82ADD2A82684D89D003EC132 /* TumblerUITests.xctest */ = {isa = PBXFileReference; explicitFileType = wrapper.cfbundle; includeInIndex = 0; path = TumblerUITests.xctest; sourceTree = BUILT_PRODUCTS_DIR; };
		82ADD2AC2684D89D003EC132 /* TumblerUITests.m */ = {isa = PBXFileReference; lastKnownFileType = sourcecode.c.objc; path = TumblerUITests.m; sourceTree = "<group>"; };
		82ADD2AE2684D89D003EC132 /* Info.plist */ = {isa = PBXFileReference; lastKnownFileType = text.plist.xml; path = Info.plist; sourceTree = "<group>"; };
		82ADD2BA2684D95C003EC132 /* PhotosViewController.h */ = {isa = PBXFileReference; lastKnownFileType = sourcecode.c.h; path = PhotosViewController.h; sourceTree = "<group>"; };
		82ADD2BB2684D95C003EC132 /* PhotosViewController.m */ = {isa = PBXFileReference; lastKnownFileType = sourcecode.c.objc; path = PhotosViewController.m; sourceTree = "<group>"; };
		82ADD2C22684E549003EC132 /* PhotoCell.h */ = {isa = PBXFileReference; lastKnownFileType = sourcecode.c.h; path = PhotoCell.h; sourceTree = "<group>"; };
		82ADD2C32684E549003EC132 /* PhotoCell.m */ = {isa = PBXFileReference; lastKnownFileType = sourcecode.c.objc; path = PhotoCell.m; sourceTree = "<group>"; };
		AB19BC87FF6E57CEEF2D3E88 /* Pods_TumblerTests.framework */ = {isa = PBXFileReference; explicitFileType = wrapper.framework; includeInIndex = 0; path = Pods_TumblerTests.framework; sourceTree = BUILT_PRODUCTS_DIR; };
		B67F7FB7926A55DCF5B22ABF /* Pods-Tumbler.debug.xcconfig */ = {isa = PBXFileReference; includeInIndex = 1; lastKnownFileType = text.xcconfig; name = "Pods-Tumbler.debug.xcconfig"; path = "Target Support Files/Pods-Tumbler/Pods-Tumbler.debug.xcconfig"; sourceTree = "<group>"; };
		F7AEE5C50A9BDC18EEAA256A /* Pods-Tumbler-TumblerUITests.release.xcconfig */ = {isa = PBXFileReference; includeInIndex = 1; lastKnownFileType = text.xcconfig; name = "Pods-Tumbler-TumblerUITests.release.xcconfig"; path = "Target Support Files/Pods-Tumbler-TumblerUITests/Pods-Tumbler-TumblerUITests.release.xcconfig"; sourceTree = "<group>"; };
/* End PBXFileReference section */

/* Begin PBXFrameworksBuildPhase section */
		82ADD27F2684D89C003EC132 /* Frameworks */ = {
			isa = PBXFrameworksBuildPhase;
			buildActionMask = 2147483647;
			files = (
				F372865F0DCCC5663D5A6550 /* Pods_Tumbler.framework in Frameworks */,
			);
			runOnlyForDeploymentPostprocessing = 0;
		};
		82ADD29A2684D89D003EC132 /* Frameworks */ = {
			isa = PBXFrameworksBuildPhase;
			buildActionMask = 2147483647;
			files = (
				6A14CE95821A5D6FDF8711E6 /* Pods_TumblerTests.framework in Frameworks */,
			);
			runOnlyForDeploymentPostprocessing = 0;
		};
		82ADD2A52684D89D003EC132 /* Frameworks */ = {
			isa = PBXFrameworksBuildPhase;
			buildActionMask = 2147483647;
			files = (
				5B2015D56C7FF787A909584E /* Pods_Tumbler_TumblerUITests.framework in Frameworks */,
			);
			runOnlyForDeploymentPostprocessing = 0;
		};
/* End PBXFrameworksBuildPhase section */

/* Begin PBXGroup section */
		75701E015B8958F5DA61D21E /* Frameworks */ = {
			isa = PBXGroup;
			children = (
				461F154DA9DAE7D66E996E93 /* Pods_Tumbler.framework */,
				5EBE067E2E63FDEEE53A79C1 /* Pods_Tumbler_TumblerUITests.framework */,
				AB19BC87FF6E57CEEF2D3E88 /* Pods_TumblerTests.framework */,
			);
			name = Frameworks;
			sourceTree = "<group>";
		};
		82ADD2792684D89C003EC132 = {
			isa = PBXGroup;
			children = (
				82ADD2842684D89C003EC132 /* Tumbler */,
				82ADD2A02684D89D003EC132 /* TumblerTests */,
				82ADD2AB2684D89D003EC132 /* TumblerUITests */,
				82ADD2832684D89C003EC132 /* Products */,
				8404DC5667331FFC257A9CB0 /* Pods */,
				75701E015B8958F5DA61D21E /* Frameworks */,
			);
			sourceTree = "<group>";
		};
		82ADD2832684D89C003EC132 /* Products */ = {
			isa = PBXGroup;
			children = (
				82ADD2822684D89C003EC132 /* Tumbler.app */,
				82ADD29D2684D89D003EC132 /* TumblerTests.xctest */,
				82ADD2A82684D89D003EC132 /* TumblerUITests.xctest */,
			);
			name = Products;
			sourceTree = "<group>";
		};
		82ADD2842684D89C003EC132 /* Tumbler */ = {
			isa = PBXGroup;
			children = (
				82ADD2852684D89C003EC132 /* AppDelegate.h */,
				82ADD2862684D89C003EC132 /* AppDelegate.m */,
				82ADD2882684D89C003EC132 /* SceneDelegate.h */,
				82ADD2892684D89C003EC132 /* SceneDelegate.m */,
				82ADD28E2684D89C003EC132 /* Main.storyboard */,
				82ADD2912684D89D003EC132 /* Assets.xcassets */,
				82ADD2932684D89D003EC132 /* LaunchScreen.storyboard */,
				82ADD2962684D89D003EC132 /* Info.plist */,
				82ADD2972684D89D003EC132 /* main.m */,
				82ADD2BA2684D95C003EC132 /* PhotosViewController.h */,
				82ADD2BB2684D95C003EC132 /* PhotosViewController.m */,
				82ADD2C22684E549003EC132 /* PhotoCell.h */,
				82ADD2C32684E549003EC132 /* PhotoCell.m */,
			);
			path = Tumbler;
			sourceTree = "<group>";
		};
		82ADD2A02684D89D003EC132 /* TumblerTests */ = {
			isa = PBXGroup;
			children = (
				82ADD2A12684D89D003EC132 /* TumblerTests.m */,
				82ADD2A32684D89D003EC132 /* Info.plist */,
			);
			path = TumblerTests;
			sourceTree = "<group>";
		};
		82ADD2AB2684D89D003EC132 /* TumblerUITests */ = {
			isa = PBXGroup;
			children = (
				82ADD2AC2684D89D003EC132 /* TumblerUITests.m */,
				82ADD2AE2684D89D003EC132 /* Info.plist */,
			);
			path = TumblerUITests;
			sourceTree = "<group>";
		};
		8404DC5667331FFC257A9CB0 /* Pods */ = {
			isa = PBXGroup;
			children = (
				B67F7FB7926A55DCF5B22ABF /* Pods-Tumbler.debug.xcconfig */,
				62B3745DBB43A013D7844026 /* Pods-Tumbler.release.xcconfig */,
				480FDC4D80AED40A12689BA3 /* Pods-Tumbler-TumblerUITests.debug.xcconfig */,
				F7AEE5C50A9BDC18EEAA256A /* Pods-Tumbler-TumblerUITests.release.xcconfig */,
				494461CCFF19AE77D06BEFD2 /* Pods-TumblerTests.debug.xcconfig */,
				2AD317F49E24ED8CF783A10B /* Pods-TumblerTests.release.xcconfig */,
			);
			path = Pods;
			sourceTree = "<group>";
		};
/* End PBXGroup section */

/* Begin PBXNativeTarget section */
		82ADD2812684D89C003EC132 /* Tumbler */ = {
			isa = PBXNativeTarget;
			buildConfigurationList = 82ADD2B12684D89D003EC132 /* Build configuration list for PBXNativeTarget "Tumbler" */;
			buildPhases = (
				F1031A15395194D7534917D4 /* [CP] Check Pods Manifest.lock */,
				82ADD27E2684D89C003EC132 /* Sources */,
				82ADD27F2684D89C003EC132 /* Frameworks */,
				82ADD2802684D89C003EC132 /* Resources */,
				F665C5FE9E6BC5397A856AF3 /* [CP] Embed Pods Frameworks */,
			);
			buildRules = (
			);
			dependencies = (
			);
			name = Tumbler;
			productName = Tumbler;
			productReference = 82ADD2822684D89C003EC132 /* Tumbler.app */;
			productType = "com.apple.product-type.application";
		};
		82ADD29C2684D89D003EC132 /* TumblerTests */ = {
			isa = PBXNativeTarget;
			buildConfigurationList = 82ADD2B42684D89D003EC132 /* Build configuration list for PBXNativeTarget "TumblerTests" */;
			buildPhases = (
				A2325DDA2B0E5B115A29D984 /* [CP] Check Pods Manifest.lock */,
				82ADD2992684D89D003EC132 /* Sources */,
				82ADD29A2684D89D003EC132 /* Frameworks */,
				82ADD29B2684D89D003EC132 /* Resources */,
			);
			buildRules = (
			);
			dependencies = (
				82ADD29F2684D89D003EC132 /* PBXTargetDependency */,
			);
			name = TumblerTests;
			productName = TumblerTests;
			productReference = 82ADD29D2684D89D003EC132 /* TumblerTests.xctest */;
			productType = "com.apple.product-type.bundle.unit-test";
		};
		82ADD2A72684D89D003EC132 /* TumblerUITests */ = {
			isa = PBXNativeTarget;
			buildConfigurationList = 82ADD2B72684D89D003EC132 /* Build configuration list for PBXNativeTarget "TumblerUITests" */;
			buildPhases = (
				9A5F24968003893D05E699E7 /* [CP] Check Pods Manifest.lock */,
				82ADD2A42684D89D003EC132 /* Sources */,
				82ADD2A52684D89D003EC132 /* Frameworks */,
				82ADD2A62684D89D003EC132 /* Resources */,
				3D1536C1870A07E42DC3867D /* [CP] Embed Pods Frameworks */,
			);
			buildRules = (
			);
			dependencies = (
				82ADD2AA2684D89D003EC132 /* PBXTargetDependency */,
			);
			name = TumblerUITests;
			productName = TumblerUITests;
			productReference = 82ADD2A82684D89D003EC132 /* TumblerUITests.xctest */;
			productType = "com.apple.product-type.bundle.ui-testing";
		};
/* End PBXNativeTarget section */

/* Begin PBXProject section */
		82ADD27A2684D89C003EC132 /* Project object */ = {
			isa = PBXProject;
			attributes = {
				LastUpgradeCheck = 1250;
				TargetAttributes = {
					82ADD2812684D89C003EC132 = {
						CreatedOnToolsVersion = 12.5.1;
					};
					82ADD29C2684D89D003EC132 = {
						CreatedOnToolsVersion = 12.5.1;
						TestTargetID = 82ADD2812684D89C003EC132;
					};
					82ADD2A72684D89D003EC132 = {
						CreatedOnToolsVersion = 12.5.1;
						TestTargetID = 82ADD2812684D89C003EC132;
					};
				};
			};
			buildConfigurationList = 82ADD27D2684D89C003EC132 /* Build configuration list for PBXProject "Tumbler" */;
			compatibilityVersion = "Xcode 9.3";
			developmentRegion = en;
			hasScannedForEncodings = 0;
			knownRegions = (
				en,
				Base,
			);
			mainGroup = 82ADD2792684D89C003EC132;
			productRefGroup = 82ADD2832684D89C003EC132 /* Products */;
			projectDirPath = "";
			projectRoot = "";
			targets = (
				82ADD2812684D89C003EC132 /* Tumbler */,
				82ADD29C2684D89D003EC132 /* TumblerTests */,
				82ADD2A72684D89D003EC132 /* TumblerUITests */,
			);
		};
/* End PBXProject section */

/* Begin PBXResourcesBuildPhase section */
		82ADD2802684D89C003EC132 /* Resources */ = {
			isa = PBXResourcesBuildPhase;
			buildActionMask = 2147483647;
			files = (
				82ADD2952684D89D003EC132 /* LaunchScreen.storyboard in Resources */,
				82ADD2922684D89D003EC132 /* Assets.xcassets in Resources */,
				82ADD2902684D89C003EC132 /* Main.storyboard in Resources */,
			);
			runOnlyForDeploymentPostprocessing = 0;
		};
		82ADD29B2684D89D003EC132 /* Resources */ = {
			isa = PBXResourcesBuildPhase;
			buildActionMask = 2147483647;
			files = (
			);
			runOnlyForDeploymentPostprocessing = 0;
		};
		82ADD2A62684D89D003EC132 /* Resources */ = {
			isa = PBXResourcesBuildPhase;
			buildActionMask = 2147483647;
			files = (
			);
			runOnlyForDeploymentPostprocessing = 0;
		};
/* End PBXResourcesBuildPhase section */

/* Begin PBXShellScriptBuildPhase section */
		3D1536C1870A07E42DC3867D /* [CP] Embed Pods Frameworks */ = {
			isa = PBXShellScriptBuildPhase;
			buildActionMask = 2147483647;
			files = (
			);
			inputFileListPaths = (
				"${PODS_ROOT}/Target Support Files/Pods-Tumbler-TumblerUITests/Pods-Tumbler-TumblerUITests-frameworks-${CONFIGURATION}-input-files.xcfilelist",
			);
			name = "[CP] Embed Pods Frameworks";
			outputFileListPaths = (
				"${PODS_ROOT}/Target Support Files/Pods-Tumbler-TumblerUITests/Pods-Tumbler-TumblerUITests-frameworks-${CONFIGURATION}-output-files.xcfilelist",
			);
			runOnlyForDeploymentPostprocessing = 0;
			shellPath = /bin/sh;
			shellScript = "\"${PODS_ROOT}/Target Support Files/Pods-Tumbler-TumblerUITests/Pods-Tumbler-TumblerUITests-frameworks.sh\"\n";
			showEnvVarsInLog = 0;
		};
		9A5F24968003893D05E699E7 /* [CP] Check Pods Manifest.lock */ = {
			isa = PBXShellScriptBuildPhase;
			buildActionMask = 2147483647;
			files = (
			);
			inputFileListPaths = (
			);
			inputPaths = (
				"${PODS_PODFILE_DIR_PATH}/Podfile.lock",
				"${PODS_ROOT}/Manifest.lock",
			);
			name = "[CP] Check Pods Manifest.lock";
			outputFileListPaths = (
			);
			outputPaths = (
				"$(DERIVED_FILE_DIR)/Pods-Tumbler-TumblerUITests-checkManifestLockResult.txt",
			);
			runOnlyForDeploymentPostprocessing = 0;
			shellPath = /bin/sh;
			shellScript = "diff \"${PODS_PODFILE_DIR_PATH}/Podfile.lock\" \"${PODS_ROOT}/Manifest.lock\" > /dev/null\nif [ $? != 0 ] ; then\n    # print error to STDERR\n    echo \"error: The sandbox is not in sync with the Podfile.lock. Run 'pod install' or update your CocoaPods installation.\" >&2\n    exit 1\nfi\n# This output is used by Xcode 'outputs' to avoid re-running this script phase.\necho \"SUCCESS\" > \"${SCRIPT_OUTPUT_FILE_0}\"\n";
			showEnvVarsInLog = 0;
		};
		A2325DDA2B0E5B115A29D984 /* [CP] Check Pods Manifest.lock */ = {
			isa = PBXShellScriptBuildPhase;
			buildActionMask = 2147483647;
			files = (
			);
			inputFileListPaths = (
			);
			inputPaths = (
				"${PODS_PODFILE_DIR_PATH}/Podfile.lock",
				"${PODS_ROOT}/Manifest.lock",
			);
			name = "[CP] Check Pods Manifest.lock";
			outputFileListPaths = (
			);
			outputPaths = (
				"$(DERIVED_FILE_DIR)/Pods-TumblerTests-checkManifestLockResult.txt",
			);
			runOnlyForDeploymentPostprocessing = 0;
			shellPath = /bin/sh;
			shellScript = "diff \"${PODS_PODFILE_DIR_PATH}/Podfile.lock\" \"${PODS_ROOT}/Manifest.lock\" > /dev/null\nif [ $? != 0 ] ; then\n    # print error to STDERR\n    echo \"error: The sandbox is not in sync with the Podfile.lock. Run 'pod install' or update your CocoaPods installation.\" >&2\n    exit 1\nfi\n# This output is used by Xcode 'outputs' to avoid re-running this script phase.\necho \"SUCCESS\" > \"${SCRIPT_OUTPUT_FILE_0}\"\n";
			showEnvVarsInLog = 0;
		};
		F1031A15395194D7534917D4 /* [CP] Check Pods Manifest.lock */ = {
			isa = PBXShellScriptBuildPhase;
			buildActionMask = 2147483647;
			files = (
			);
			inputFileListPaths = (
			);
			inputPaths = (
				"${PODS_PODFILE_DIR_PATH}/Podfile.lock",
				"${PODS_ROOT}/Manifest.lock",
			);
			name = "[CP] Check Pods Manifest.lock";
			outputFileListPaths = (
			);
			outputPaths = (
				"$(DERIVED_FILE_DIR)/Pods-Tumbler-checkManifestLockResult.txt",
			);
			runOnlyForDeploymentPostprocessing = 0;
			shellPath = /bin/sh;
			shellScript = "diff \"${PODS_PODFILE_DIR_PATH}/Podfile.lock\" \"${PODS_ROOT}/Manifest.lock\" > /dev/null\nif [ $? != 0 ] ; then\n    # print error to STDERR\n    echo \"error: The sandbox is not in sync with the Podfile.lock. Run 'pod install' or update your CocoaPods installation.\" >&2\n    exit 1\nfi\n# This output is used by Xcode 'outputs' to avoid re-running this script phase.\necho \"SUCCESS\" > \"${SCRIPT_OUTPUT_FILE_0}\"\n";
			showEnvVarsInLog = 0;
		};
		F665C5FE9E6BC5397A856AF3 /* [CP] Embed Pods Frameworks */ = {
			isa = PBXShellScriptBuildPhase;
			buildActionMask = 2147483647;
			files = (
			);
			inputFileListPaths = (
				"${PODS_ROOT}/Target Support Files/Pods-Tumbler/Pods-Tumbler-frameworks-${CONFIGURATION}-input-files.xcfilelist",
			);
			name = "[CP] Embed Pods Frameworks";
			outputFileListPaths = (
				"${PODS_ROOT}/Target Support Files/Pods-Tumbler/Pods-Tumbler-frameworks-${CONFIGURATION}-output-files.xcfilelist",
			);
			runOnlyForDeploymentPostprocessing = 0;
			shellPath = /bin/sh;
			shellScript = "\"${PODS_ROOT}/Target Support Files/Pods-Tumbler/Pods-Tumbler-frameworks.sh\"\n";
			showEnvVarsInLog = 0;
		};
/* End PBXShellScriptBuildPhase section */

/* Begin PBXSourcesBuildPhase section */
		82ADD27E2684D89C003EC132 /* Sources */ = {
			isa = PBXSourcesBuildPhase;
			buildActionMask = 2147483647;
			files = (
				82ADD2872684D89C003EC132 /* AppDelegate.m in Sources */,
				82ADD2C42684E549003EC132 /* PhotoCell.m in Sources */,
				82ADD2BC2684D95C003EC132 /* PhotosViewController.m in Sources */,
				82ADD2982684D89D003EC132 /* main.m in Sources */,
				82ADD28A2684D89C003EC132 /* SceneDelegate.m in Sources */,
			);
			runOnlyForDeploymentPostprocessing = 0;
		};
		82ADD2992684D89D003EC132 /* Sources */ = {
			isa = PBXSourcesBuildPhase;
			buildActionMask = 2147483647;
			files = (
				82ADD2A22684D89D003EC132 /* TumblerTests.m in Sources */,
			);
			runOnlyForDeploymentPostprocessing = 0;
		};
		82ADD2A42684D89D003EC132 /* Sources */ = {
			isa = PBXSourcesBuildPhase;
			buildActionMask = 2147483647;
			files = (
				82ADD2AD2684D89D003EC132 /* TumblerUITests.m in Sources */,
			);
			runOnlyForDeploymentPostprocessing = 0;
		};
/* End PBXSourcesBuildPhase section */

/* Begin PBXTargetDependency section */
		82ADD29F2684D89D003EC132 /* PBXTargetDependency */ = {
			isa = PBXTargetDependency;
			target = 82ADD2812684D89C003EC132 /* Tumbler */;
			targetProxy = 82ADD29E2684D89D003EC132 /* PBXContainerItemProxy */;
		};
		82ADD2AA2684D89D003EC132 /* PBXTargetDependency */ = {
			isa = PBXTargetDependency;
			target = 82ADD2812684D89C003EC132 /* Tumbler */;
			targetProxy = 82ADD2A92684D89D003EC132 /* PBXContainerItemProxy */;
		};
/* End PBXTargetDependency section */

/* Begin PBXVariantGroup section */
		82ADD28E2684D89C003EC132 /* Main.storyboard */ = {
			isa = PBXVariantGroup;
			children = (
				82ADD28F2684D89C003EC132 /* Base */,
			);
			name = Main.storyboard;
			sourceTree = "<group>";
		};
		82ADD2932684D89D003EC132 /* LaunchScreen.storyboard */ = {
			isa = PBXVariantGroup;
			children = (
				82ADD2942684D89D003EC132 /* Base */,
			);
			name = LaunchScreen.storyboard;
			sourceTree = "<group>";
		};
/* End PBXVariantGroup section */

/* Begin XCBuildConfiguration section */
		82ADD2AF2684D89D003EC132 /* Debug */ = {
			isa = XCBuildConfiguration;
			buildSettings = {
				ALWAYS_SEARCH_USER_PATHS = NO;
				CLANG_ANALYZER_NONNULL = YES;
				CLANG_ANALYZER_NUMBER_OBJECT_CONVERSION = YES_AGGRESSIVE;
				CLANG_CXX_LANGUAGE_STANDARD = "gnu++14";
				CLANG_CXX_LIBRARY = "libc++";
				CLANG_ENABLE_MODULES = YES;
				CLANG_ENABLE_OBJC_ARC = YES;
				CLANG_ENABLE_OBJC_WEAK = YES;
				CLANG_WARN_BLOCK_CAPTURE_AUTORELEASING = YES;
				CLANG_WARN_BOOL_CONVERSION = YES;
				CLANG_WARN_COMMA = YES;
				CLANG_WARN_CONSTANT_CONVERSION = YES;
				CLANG_WARN_DEPRECATED_OBJC_IMPLEMENTATIONS = YES;
				CLANG_WARN_DIRECT_OBJC_ISA_USAGE = YES_ERROR;
				CLANG_WARN_DOCUMENTATION_COMMENTS = YES;
				CLANG_WARN_EMPTY_BODY = YES;
				CLANG_WARN_ENUM_CONVERSION = YES;
				CLANG_WARN_INFINITE_RECURSION = YES;
				CLANG_WARN_INT_CONVERSION = YES;
				CLANG_WARN_NON_LITERAL_NULL_CONVERSION = YES;
				CLANG_WARN_OBJC_IMPLICIT_RETAIN_SELF = YES;
				CLANG_WARN_OBJC_LITERAL_CONVERSION = YES;
				CLANG_WARN_OBJC_ROOT_CLASS = YES_ERROR;
				CLANG_WARN_QUOTED_INCLUDE_IN_FRAMEWORK_HEADER = YES;
				CLANG_WARN_RANGE_LOOP_ANALYSIS = YES;
				CLANG_WARN_STRICT_PROTOTYPES = YES;
				CLANG_WARN_SUSPICIOUS_MOVE = YES;
				CLANG_WARN_UNGUARDED_AVAILABILITY = YES_AGGRESSIVE;
				CLANG_WARN_UNREACHABLE_CODE = YES;
				CLANG_WARN__DUPLICATE_METHOD_MATCH = YES;
				COPY_PHASE_STRIP = NO;
				DEBUG_INFORMATION_FORMAT = dwarf;
				ENABLE_STRICT_OBJC_MSGSEND = YES;
				ENABLE_TESTABILITY = YES;
				GCC_C_LANGUAGE_STANDARD = gnu11;
				GCC_DYNAMIC_NO_PIC = NO;
				GCC_NO_COMMON_BLOCKS = YES;
				GCC_OPTIMIZATION_LEVEL = 0;
				GCC_PREPROCESSOR_DEFINITIONS = (
					"DEBUG=1",
					"$(inherited)",
				);
				GCC_WARN_64_TO_32_BIT_CONVERSION = YES;
				GCC_WARN_ABOUT_RETURN_TYPE = YES_ERROR;
				GCC_WARN_UNDECLARED_SELECTOR = YES;
				GCC_WARN_UNINITIALIZED_AUTOS = YES_AGGRESSIVE;
				GCC_WARN_UNUSED_FUNCTION = YES;
				GCC_WARN_UNUSED_VARIABLE = YES;
				IPHONEOS_DEPLOYMENT_TARGET = 14.5;
				MTL_ENABLE_DEBUG_INFO = INCLUDE_SOURCE;
				MTL_FAST_MATH = YES;
				ONLY_ACTIVE_ARCH = YES;
				SDKROOT = iphoneos;
			};
			name = Debug;
		};
		82ADD2B02684D89D003EC132 /* Release */ = {
			isa = XCBuildConfiguration;
			buildSettings = {
				ALWAYS_SEARCH_USER_PATHS = NO;
				CLANG_ANALYZER_NONNULL = YES;
				CLANG_ANALYZER_NUMBER_OBJECT_CONVERSION = YES_AGGRESSIVE;
				CLANG_CXX_LANGUAGE_STANDARD = "gnu++14";
				CLANG_CXX_LIBRARY = "libc++";
				CLANG_ENABLE_MODULES = YES;
				CLANG_ENABLE_OBJC_ARC = YES;
				CLANG_ENABLE_OBJC_WEAK = YES;
				CLANG_WARN_BLOCK_CAPTURE_AUTORELEASING = YES;
				CLANG_WARN_BOOL_CONVERSION = YES;
				CLANG_WARN_COMMA = YES;
				CLANG_WARN_CONSTANT_CONVERSION = YES;
				CLANG_WARN_DEPRECATED_OBJC_IMPLEMENTATIONS = YES;
				CLANG_WARN_DIRECT_OBJC_ISA_USAGE = YES_ERROR;
				CLANG_WARN_DOCUMENTATION_COMMENTS = YES;
				CLANG_WARN_EMPTY_BODY = YES;
				CLANG_WARN_ENUM_CONVERSION = YES;
				CLANG_WARN_INFINITE_RECURSION = YES;
				CLANG_WARN_INT_CONVERSION = YES;
				CLANG_WARN_NON_LITERAL_NULL_CONVERSION = YES;
				CLANG_WARN_OBJC_IMPLICIT_RETAIN_SELF = YES;
				CLANG_WARN_OBJC_LITERAL_CONVERSION = YES;
				CLANG_WARN_OBJC_ROOT_CLASS = YES_ERROR;
				CLANG_WARN_QUOTED_INCLUDE_IN_FRAMEWORK_HEADER = YES;
				CLANG_WARN_RANGE_LOOP_ANALYSIS = YES;
				CLANG_WARN_STRICT_PROTOTYPES = YES;
				CLANG_WARN_SUSPICIOUS_MOVE = YES;
				CLANG_WARN_UNGUARDED_AVAILABILITY = YES_AGGRESSIVE;
				CLANG_WARN_UNREACHABLE_CODE = YES;
				CLANG_WARN__DUPLICATE_METHOD_MATCH = YES;
				COPY_PHASE_STRIP = NO;
				DEBUG_INFORMATION_FORMAT = "dwarf-with-dsym";
				ENABLE_NS_ASSERTIONS = NO;
				ENABLE_STRICT_OBJC_MSGSEND = YES;
				GCC_C_LANGUAGE_STANDARD = gnu11;
				GCC_NO_COMMON_BLOCKS = YES;
				GCC_WARN_64_TO_32_BIT_CONVERSION = YES;
				GCC_WARN_ABOUT_RETURN_TYPE = YES_ERROR;
				GCC_WARN_UNDECLARED_SELECTOR = YES;
				GCC_WARN_UNINITIALIZED_AUTOS = YES_AGGRESSIVE;
				GCC_WARN_UNUSED_FUNCTION = YES;
				GCC_WARN_UNUSED_VARIABLE = YES;
				IPHONEOS_DEPLOYMENT_TARGET = 14.5;
				MTL_ENABLE_DEBUG_INFO = NO;
				MTL_FAST_MATH = YES;
				SDKROOT = iphoneos;
				VALIDATE_PRODUCT = YES;
			};
			name = Release;
		};
		82ADD2B22684D89D003EC132 /* Debug */ = {
			isa = XCBuildConfiguration;
			baseConfigurationReference = B67F7FB7926A55DCF5B22ABF /* Pods-Tumbler.debug.xcconfig */;
			buildSettings = {
				ASSETCATALOG_COMPILER_APPICON_NAME = AppIcon;
				ASSETCATALOG_COMPILER_GLOBAL_ACCENT_COLOR_NAME = AccentColor;
				CODE_SIGN_STYLE = Automatic;
				DEVELOPMENT_TEAM = ZMWDYZ6ZWJ;
				INFOPLIST_FILE = Tumbler/Info.plist;
				LD_RUNPATH_SEARCH_PATHS = (
					"$(inherited)",
					"@executable_path/Frameworks",
				);
				PRODUCT_BUNDLE_IDENTIFIER = com.sgu.Tumbler;
				PRODUCT_NAME = "$(TARGET_NAME)";
				TARGETED_DEVICE_FAMILY = "1,2";
			};
			name = Debug;
		};
		82ADD2B32684D89D003EC132 /* Release */ = {
			isa = XCBuildConfiguration;
			baseConfigurationReference = 62B3745DBB43A013D7844026 /* Pods-Tumbler.release.xcconfig */;
			buildSettings = {
				ASSETCATALOG_COMPILER_APPICON_NAME = AppIcon;
				ASSETCATALOG_COMPILER_GLOBAL_ACCENT_COLOR_NAME = AccentColor;
				CODE_SIGN_STYLE = Automatic;
				DEVELOPMENT_TEAM = ZMWDYZ6ZWJ;
				INFOPLIST_FILE = Tumbler/Info.plist;
				LD_RUNPATH_SEARCH_PATHS = (
					"$(inherited)",
					"@executable_path/Frameworks",
				);
				PRODUCT_BUNDLE_IDENTIFIER = com.sgu.Tumbler;
				PRODUCT_NAME = "$(TARGET_NAME)";
				TARGETED_DEVICE_FAMILY = "1,2";
			};
			name = Release;
		};
		82ADD2B52684D89D003EC132 /* Debug */ = {
			isa = XCBuildConfiguration;
			baseConfigurationReference = 494461CCFF19AE77D06BEFD2 /* Pods-TumblerTests.debug.xcconfig */;
			buildSettings = {
				BUNDLE_LOADER = "$(TEST_HOST)";
				CODE_SIGN_STYLE = Automatic;
				DEVELOPMENT_TEAM = ZMWDYZ6ZWJ;
				INFOPLIST_FILE = TumblerTests/Info.plist;
				IPHONEOS_DEPLOYMENT_TARGET = 14.5;
				LD_RUNPATH_SEARCH_PATHS = (
					"$(inherited)",
					"@executable_path/Frameworks",
					"@loader_path/Frameworks",
				);
				PRODUCT_BUNDLE_IDENTIFIER = com.sgu.TumblerTests;
				PRODUCT_NAME = "$(TARGET_NAME)";
				TARGETED_DEVICE_FAMILY = "1,2";
				TEST_HOST = "$(BUILT_PRODUCTS_DIR)/Tumbler.app/Tumbler";
			};
			name = Debug;
		};
		82ADD2B62684D89D003EC132 /* Release */ = {
			isa = XCBuildConfiguration;
			baseConfigurationReference = 2AD317F49E24ED8CF783A10B /* Pods-TumblerTests.release.xcconfig */;
			buildSettings = {
				BUNDLE_LOADER = "$(TEST_HOST)";
				CODE_SIGN_STYLE = Automatic;
				DEVELOPMENT_TEAM = ZMWDYZ6ZWJ;
				INFOPLIST_FILE = TumblerTests/Info.plist;
				IPHONEOS_DEPLOYMENT_TARGET = 14.5;
				LD_RUNPATH_SEARCH_PATHS = (
					"$(inherited)",
					"@executable_path/Frameworks",
					"@loader_path/Frameworks",
				);
				PRODUCT_BUNDLE_IDENTIFIER = com.sgu.TumblerTests;
				PRODUCT_NAME = "$(TARGET_NAME)";
				TARGETED_DEVICE_FAMILY = "1,2";
				TEST_HOST = "$(BUILT_PRODUCTS_DIR)/Tumbler.app/Tumbler";
			};
			name = Release;
		};
		82ADD2B82684D89D003EC132 /* Debug */ = {
			isa = XCBuildConfiguration;
			baseConfigurationReference = 480FDC4D80AED40A12689BA3 /* Pods-Tumbler-TumblerUITests.debug.xcconfig */;
			buildSettings = {
				CODE_SIGN_STYLE = Automatic;
				DEVELOPMENT_TEAM = ZMWDYZ6ZWJ;
				INFOPLIST_FILE = TumblerUITests/Info.plist;
				LD_RUNPATH_SEARCH_PATHS = (
					"$(inherited)",
					"@executable_path/Frameworks",
					"@loader_path/Frameworks",
				);
				PRODUCT_BUNDLE_IDENTIFIER = com.sgu.TumblerUITests;
				PRODUCT_NAME = "$(TARGET_NAME)";
				TARGETED_DEVICE_FAMILY = "1,2";
				TEST_TARGET_NAME = Tumbler;
			};
			name = Debug;
		};
		82ADD2B92684D89D003EC132 /* Release */ = {
			isa = XCBuildConfiguration;
			baseConfigurationReference = F7AEE5C50A9BDC18EEAA256A /* Pods-Tumbler-TumblerUITests.release.xcconfig */;
			buildSettings = {
				CODE_SIGN_STYLE = Automatic;
				DEVELOPMENT_TEAM = ZMWDYZ6ZWJ;
				INFOPLIST_FILE = TumblerUITests/Info.plist;
				LD_RUNPATH_SEARCH_PATHS = (
					"$(inherited)",
					"@executable_path/Frameworks",
					"@loader_path/Frameworks",
				);
				PRODUCT_BUNDLE_IDENTIFIER = com.sgu.TumblerUITests;
				PRODUCT_NAME = "$(TARGET_NAME)";
				TARGETED_DEVICE_FAMILY = "1,2";
				TEST_TARGET_NAME = Tumbler;
			};
			name = Release;
		};
/* End XCBuildConfiguration section */

/* Begin XCConfigurationList section */
		82ADD27D2684D89C003EC132 /* Build configuration list for PBXProject "Tumbler" */ = {
			isa = XCConfigurationList;
			buildConfigurations = (
				82ADD2AF2684D89D003EC132 /* Debug */,
				82ADD2B02684D89D003EC132 /* Release */,
			);
			defaultConfigurationIsVisible = 0;
			defaultConfigurationName = Release;
		};
		82ADD2B12684D89D003EC132 /* Build configuration list for PBXNativeTarget "Tumbler" */ = {
			isa = XCConfigurationList;
			buildConfigurations = (
				82ADD2B22684D89D003EC132 /* Debug */,
				82ADD2B32684D89D003EC132 /* Release */,
			);
			defaultConfigurationIsVisible = 0;
			defaultConfigurationName = Release;
		};
		82ADD2B42684D89D003EC132 /* Build configuration list for PBXNativeTarget "TumblerTests" */ = {
			isa = XCConfigurationList;
			buildConfigurations = (
				82ADD2B52684D89D003EC132 /* Debug */,
				82ADD2B62684D89D003EC132 /* Release */,
			);
			defaultConfigurationIsVisible = 0;
			defaultConfigurationName = Release;
		};
		82ADD2B72684D89D003EC132 /* Build configuration list for PBXNativeTarget "TumblerUITests" */ = {
			isa = XCConfigurationList;
			buildConfigurations = (
				82ADD2B82684D89D003EC132 /* Debug */,
				82ADD2B92684D89D003EC132 /* Release */,
			);
			defaultConfigurationIsVisible = 0;
			defaultConfigurationName = Release;
		};
/* End XCConfigurationList section */
	};
	rootObject = 82ADD27A2684D89C003EC132 /* Project object */;
}
